<?xml version="1.0" encoding="utf-8"?>
<Project ToolsVersion="4.0" xmlns="http://schemas.microsoft.com/developer/msbuild/2003">
  <ItemGroup>
    <Filter Include="Mimou">
      <UniqueIdentifier>{2CD1AB0D-98E5-D3BE-6167-771ECD3AD0EF}</UniqueIdentifier>
    </Filter>
    <Filter Include="Mimou\Events">
      <UniqueIdentifier>{90F3DCC4-7C56-6C69-25DC-A41F111E38EC}</UniqueIdentifier>
    </Filter>
  </ItemGroup>
  <ItemGroup>
    <ClInclude Include="src\Mimou.h" />
    <ClInclude Include="src\Mimou\Application.h">
      <Filter>Mimou</Filter>
    </ClInclude>
    <ClInclude Include="src\Mimou\Core.h">
      <Filter>Mimou</Filter>
    </ClInclude>
    <ClInclude Include="src\Mimou\EntryPoint.h">
      <Filter>Mimou</Filter>
    </ClInclude>
    <ClInclude Include="src\Mimou\Events\ApplicationEvent.h">
      <Filter>Mimou\Events</Filter>
    </ClInclude>
    <ClInclude Include="src\Mimou\Events\Event.h">
      <Filter>Mimou\Events</Filter>
    </ClInclude>
    <ClInclude Include="src\Mimou\Events\KeyEvent.h">
      <Filter>Mimou\Events</Filter>
    </ClInclude>
    <ClInclude Include="src\Mimou\Events\MouseEvent.h">
      <Filter>Mimou\Events</Filter>
    </ClInclude>
    <ClInclude Include="src\Mimou\Log.h">
      <Filter>Mimou</Filter>
    </ClInclude>
  </ItemGroup>
  <ItemGroup>
    <ClCompile Include="src\Mimou\Application.cpp">
      <Filter>Mimou</Filter>
    </ClCompile>
    <ClCompile Include="src\Mimou\Log.cpp">
      <Filter>Mimou</Filter>
    </ClCompile>
  </ItemGroup>
</Project>